
Microsoft Visual Studio Solution File, Format Version 12.00
# Visual Studio Version 16
VisualStudioVersion = 16.0.30011.22
MinimumVisualStudioVersion = 10.0.40219.1
Project("{FAE04EC0-301F-11D3-BF4B-00C04F79EFBC}") = "sinozicSebastianKonstruktori", "sinozicSebastianKonstruktori\sinozicSebastianKonstruktori.csproj", "{9DF1E481-27C7-4F5B-B710-FBF1A674D161}"
EndProject
Global
	GlobalSection(SolutionConfigurationPlatforms) = preSolution
		Debug|Any CPU = Debug|Any CPU
		Release|Any CPU = Release|Any CPU
	EndGlobalSection
	GlobalSection(ProjectConfigurationPlatforms) = postSolution
		{9DF1E481-27C7-4F5B-B710-FBF1A674D161}.Debug|Any CPU.ActiveCfg = Debug|Any CPU
		{9DF1E481-27C7-4F5B-B710-FBF1A674D161}.Debug|Any CPU.Build.0 = Debug|Any CPU
		{9DF1E481-27C7-4F5B-B710-FBF1A674D161}.Release|Any CPU.ActiveCfg = Release|Any CPU
		{9DF1E481-27C7-4F5B-B710-FBF1A674D161}.Release|Any CPU.Build.0 = Release|Any CPU
	EndGlobalSection
	GlobalSection(SolutionProperties) = preSolution
		HideSolutionNode = FALSE
	EndGlobalSection
	GlobalSection(ExtensibilityGlobals) = postSolution
		SolutionGuid = {41974785-8EF5-422A-A764-DAF274F11026}
	EndGlobalSection
EndGlobal
